// !$*UTF8*$!
{
	archiveVersion = 1;
	classes = {
	};
	objectVersion = 50;
	objects = {

/* Begin PBXBuildFile section */
		3C19DC54B289D863051FAB5D /* Pods_ironmanTests.framework in Frameworks */ = {isa = PBXBuildFile; fileRef = 1A6477749FF6AD7A13459844 /* Pods_ironmanTests.framework */; };
		6986BAA920717F36EB58A6CD /* Pods_ironman.framework in Frameworks */ = {isa = PBXBuildFile; fileRef = 02BFBAFF673E21E626250BE0 /* Pods_ironman.framework */; };
		FD2FC01B210136EC001840FD /* GameImageView.swift in Sources */ = {isa = PBXBuildFile; fileRef = FD2FC01A210136EC001840FD /* GameImageView.swift */; };
		FD663A7120FE8A72005E03FF /* NavigationController.swift in Sources */ = {isa = PBXBuildFile; fileRef = FD663A7020FE8A72005E03FF /* NavigationController.swift */; };
		FD663A7920FE8DD8005E03FF /* CardGameCollectionViewCell.swift in Sources */ = {isa = PBXBuildFile; fileRef = FD663A7820FE8DD8005E03FF /* CardGameCollectionViewCell.swift */; };
		FD663A7B20FE9AE7005E03FF /* UIImageView.swift in Sources */ = {isa = PBXBuildFile; fileRef = FD663A7A20FE9AE7005E03FF /* UIImageView.swift */; };
		FD663A7D20FE9F5F005E03FF /* ConnectionStatusManager.swift in Sources */ = {isa = PBXBuildFile; fileRef = FD663A7C20FE9F5F005E03FF /* ConnectionStatusManager.swift */; };
		FD663A7F20FEAC4D005E03FF /* Notification.swift in Sources */ = {isa = PBXBuildFile; fileRef = FD663A7E20FEAC4D005E03FF /* Notification.swift */; };
		FD663A8120FEB3A6005E03FF /* ConnectionStatusAlert.swift in Sources */ = {isa = PBXBuildFile; fileRef = FD663A8020FEB3A6005E03FF /* ConnectionStatusAlert.swift */; };
		FD663A8920FEC2D0005E03FF /* GameList.swift in Sources */ = {isa = PBXBuildFile; fileRef = FD663A8820FEC2D0005E03FF /* GameList.swift */; };
		FD663A8D20FEC2F4005E03FF /* Links.swift in Sources */ = {isa = PBXBuildFile; fileRef = FD663A8C20FEC2F4005E03FF /* Links.swift */; };
		FD663A8F20FEC2F5005E03FF /* Game.swift in Sources */ = {isa = PBXBuildFile; fileRef = FD663A8E20FEC2F5005E03FF /* Game.swift */; };
		FD663A9120FEC30B005E03FF /* GameInfo.swift in Sources */ = {isa = PBXBuildFile; fileRef = FD663A9020FEC30B005E03FF /* GameInfo.swift */; };
		FD663A9320FEC368005E03FF /* ImageLinks.swift in Sources */ = {isa = PBXBuildFile; fileRef = FD663A9220FEC368005E03FF /* ImageLinks.swift */; };
		FD663A9620FEC531005E03FF /* Interactor.swift in Sources */ = {isa = PBXBuildFile; fileRef = FD663A9520FEC531005E03FF /* Interactor.swift */; };
		FD663A9820FEC5E4005E03FF /* URLConfig.swift in Sources */ = {isa = PBXBuildFile; fileRef = FD663A9720FEC5E4005E03FF /* URLConfig.swift */; };
		FD663A9A20FECAE3005E03FF /* Bundle.swift in Sources */ = {isa = PBXBuildFile; fileRef = FD663A9920FECAE3005E03FF /* Bundle.swift */; };
		FD663A9E20FED3B3005E03FF /* SplitViewController.swift in Sources */ = {isa = PBXBuildFile; fileRef = FD663A9D20FED3B3005E03FF /* SplitViewController.swift */; };
		FD663AA020FED630005E03FF /* DetailViewController.swift in Sources */ = {isa = PBXBuildFile; fileRef = FD663A9F20FED630005E03FF /* DetailViewController.swift */; };
		FD663AA220FFDA8A005E03FF /* ListPresenter.swift in Sources */ = {isa = PBXBuildFile; fileRef = FD663AA120FFDA8A005E03FF /* ListPresenter.swift */; };
		FD663AA620FFE694005E03FF /* RequestError.swift in Sources */ = {isa = PBXBuildFile; fileRef = FD663AA520FFE694005E03FF /* RequestError.swift */; };
		FD663AA820FFEBF5005E03FF /* DataStoreManager.swift in Sources */ = {isa = PBXBuildFile; fileRef = FD663AA720FFEBF5005E03FF /* DataStoreManager.swift */; };
		FD663AB721000694005E03FF /* GameDBDataStoreManager.swift in Sources */ = {isa = PBXBuildFile; fileRef = FD663AB621000694005E03FF /* GameDBDataStoreManager.swift */; };
		FD663ABB210008C5005E03FF /* GameDB+CoreDataClass.swift in Sources */ = {isa = PBXBuildFile; fileRef = FD663AB9210008C4005E03FF /* GameDB+CoreDataClass.swift */; };
		FD663ABC210008C5005E03FF /* GameDB+CoreDataProperties.swift in Sources */ = {isa = PBXBuildFile; fileRef = FD663ABA210008C5005E03FF /* GameDB+CoreDataProperties.swift */; };
		FD663ABE210012DD005E03FF /* DetailPresenter.swift in Sources */ = {isa = PBXBuildFile; fileRef = FD663ABD210012DD005E03FF /* DetailPresenter.swift */; };
		FD663AC021001560005E03FF /* DetailViewControllerTests.swift in Sources */ = {isa = PBXBuildFile; fileRef = FD663ABF21001560005E03FF /* DetailViewControllerTests.swift */; };
		FD663AC721001CC3005E03FF /* GameListTest.swift in Sources */ = {isa = PBXBuildFile; fileRef = FD663AC621001CC3005E03FF /* GameListTest.swift */; };
		FD663ACA21001F1E005E03FF /* URLConfigTest.swift in Sources */ = {isa = PBXBuildFile; fileRef = FD663AC921001EBE005E03FF /* URLConfigTest.swift */; };
		FD663ACD2100243F005E03FF /* ListPresenterTest.swift in Sources */ = {isa = PBXBuildFile; fileRef = FD663ACC2100243F005E03FF /* ListPresenterTest.swift */; };
		FD663ACF21002D25005E03FF /* InteractorTest.swift in Sources */ = {isa = PBXBuildFile; fileRef = FD663ACE21002D25005E03FF /* InteractorTest.swift */; };
		FD663AD12100BCA0005E03FF /* Colors.xcassets in Resources */ = {isa = PBXBuildFile; fileRef = FD663AD02100BCA0005E03FF /* Colors.xcassets */; };
		FDD7D99520FE887900722BEB /* AppDelegate.swift in Sources */ = {isa = PBXBuildFile; fileRef = FDD7D99420FE887900722BEB /* AppDelegate.swift */; };
		FDD7D99720FE887900722BEB /* ListViewController.swift in Sources */ = {isa = PBXBuildFile; fileRef = FDD7D99620FE887900722BEB /* ListViewController.swift */; };
		FDD7D99A20FE887900722BEB /* Main.storyboard in Resources */ = {isa = PBXBuildFile; fileRef = FDD7D99820FE887900722BEB /* Main.storyboard */; };
		FDD7D99D20FE887900722BEB /* ironman.xcdatamodeld in Sources */ = {isa = PBXBuildFile; fileRef = FDD7D99B20FE887900722BEB /* ironman.xcdatamodeld */; };
		FDD7D99F20FE887B00722BEB /* Assets.xcassets in Resources */ = {isa = PBXBuildFile; fileRef = FDD7D99E20FE887B00722BEB /* Assets.xcassets */; };
		FDD7D9A220FE887B00722BEB /* LaunchScreen.storyboard in Resources */ = {isa = PBXBuildFile; fileRef = FDD7D9A020FE887B00722BEB /* LaunchScreen.storyboard */; };
		FDD7D9AD20FE887B00722BEB /* DetailPresenterTests.swift in Sources */ = {isa = PBXBuildFile; fileRef = FDD7D9AC20FE887B00722BEB /* DetailPresenterTests.swift */; };
/* End PBXBuildFile section */

/* Begin PBXContainerItemProxy section */
		FDD7D9A920FE887B00722BEB /* PBXContainerItemProxy */ = {
			isa = PBXContainerItemProxy;
			containerPortal = FDD7D98920FE887900722BEB /* Project object */;
			proxyType = 1;
			remoteGlobalIDString = FDD7D99020FE887900722BEB;
			remoteInfo = ironman;
		};
/* End PBXContainerItemProxy section */

/* Begin PBXFileReference section */
		02BFBAFF673E21E626250BE0 /* Pods_ironman.framework */ = {isa = PBXFileReference; explicitFileType = wrapper.framework; includeInIndex = 0; path = Pods_ironman.framework; sourceTree = BUILT_PRODUCTS_DIR; };
		1A6477749FF6AD7A13459844 /* Pods_ironmanTests.framework */ = {isa = PBXFileReference; explicitFileType = wrapper.framework; includeInIndex = 0; path = Pods_ironmanTests.framework; sourceTree = BUILT_PRODUCTS_DIR; };
		20A421FFB41E5D9DF3AAE306 /* Pods-ironman.debug.xcconfig */ = {isa = PBXFileReference; includeInIndex = 1; lastKnownFileType = text.xcconfig; name = "Pods-ironman.debug.xcconfig"; path = "Pods/Target Support Files/Pods-ironman/Pods-ironman.debug.xcconfig"; sourceTree = "<group>"; };
		83B49FBAE6C047E0947CE2CF /* Pods-ironman.release.xcconfig */ = {isa = PBXFileReference; includeInIndex = 1; lastKnownFileType = text.xcconfig; name = "Pods-ironman.release.xcconfig"; path = "Pods/Target Support Files/Pods-ironman/Pods-ironman.release.xcconfig"; sourceTree = "<group>"; };
		B47D883B3E059A3D1AA07DA9 /* Pods-ironmanTests.release.xcconfig */ = {isa = PBXFileReference; includeInIndex = 1; lastKnownFileType = text.xcconfig; name = "Pods-ironmanTests.release.xcconfig"; path = "Pods/Target Support Files/Pods-ironmanTests/Pods-ironmanTests.release.xcconfig"; sourceTree = "<group>"; };
		DC1C98D654188F2E2F4FE3C3 /* Pods-ironmanTests.debug.xcconfig */ = {isa = PBXFileReference; includeInIndex = 1; lastKnownFileType = text.xcconfig; name = "Pods-ironmanTests.debug.xcconfig"; path = "Pods/Target Support Files/Pods-ironmanTests/Pods-ironmanTests.debug.xcconfig"; sourceTree = "<group>"; };
		FD2FC01A210136EC001840FD /* GameImageView.swift */ = {isa = PBXFileReference; fileEncoding = 4; lastKnownFileType = sourcecode.swift; path = GameImageView.swift; sourceTree = "<group>"; };
		FD663A7020FE8A72005E03FF /* NavigationController.swift */ = {isa = PBXFileReference; lastKnownFileType = sourcecode.swift; path = NavigationController.swift; sourceTree = "<group>"; };
		FD663A7820FE8DD8005E03FF /* CardGameCollectionViewCell.swift */ = {isa = PBXFileReference; lastKnownFileType = sourcecode.swift; path = CardGameCollectionViewCell.swift; sourceTree = "<group>"; };
		FD663A7A20FE9AE7005E03FF /* UIImageView.swift */ = {isa = PBXFileReference; lastKnownFileType = sourcecode.swift; path = UIImageView.swift; sourceTree = "<group>"; };
		FD663A7C20FE9F5F005E03FF /* ConnectionStatusManager.swift */ = {isa = PBXFileReference; lastKnownFileType = sourcecode.swift; path = ConnectionStatusManager.swift; sourceTree = "<group>"; };
		FD663A7E20FEAC4D005E03FF /* Notification.swift */ = {isa = PBXFileReference; lastKnownFileType = sourcecode.swift; path = Notification.swift; sourceTree = "<group>"; };
		FD663A8020FEB3A6005E03FF /* ConnectionStatusAlert.swift */ = {isa = PBXFileReference; lastKnownFileType = sourcecode.swift; path = ConnectionStatusAlert.swift; sourceTree = "<group>"; };
		FD663A8820FEC2D0005E03FF /* GameList.swift */ = {isa = PBXFileReference; lastKnownFileType = sourcecode.swift; path = GameList.swift; sourceTree = "<group>"; };
		FD663A8C20FEC2F4005E03FF /* Links.swift */ = {isa = PBXFileReference; lastKnownFileType = sourcecode.swift; path = Links.swift; sourceTree = "<group>"; };
		FD663A8E20FEC2F5005E03FF /* Game.swift */ = {isa = PBXFileReference; lastKnownFileType = sourcecode.swift; path = Game.swift; sourceTree = "<group>"; };
		FD663A9020FEC30B005E03FF /* GameInfo.swift */ = {isa = PBXFileReference; lastKnownFileType = sourcecode.swift; path = GameInfo.swift; sourceTree = "<group>"; };
		FD663A9220FEC368005E03FF /* ImageLinks.swift */ = {isa = PBXFileReference; lastKnownFileType = sourcecode.swift; path = ImageLinks.swift; sourceTree = "<group>"; };
		FD663A9520FEC531005E03FF /* Interactor.swift */ = {isa = PBXFileReference; lastKnownFileType = sourcecode.swift; path = Interactor.swift; sourceTree = "<group>"; };
		FD663A9720FEC5E4005E03FF /* URLConfig.swift */ = {isa = PBXFileReference; lastKnownFileType = sourcecode.swift; path = URLConfig.swift; sourceTree = "<group>"; };
		FD663A9920FECAE3005E03FF /* Bundle.swift */ = {isa = PBXFileReference; lastKnownFileType = sourcecode.swift; path = Bundle.swift; sourceTree = "<group>"; };
		FD663A9D20FED3B3005E03FF /* SplitViewController.swift */ = {isa = PBXFileReference; lastKnownFileType = sourcecode.swift; path = SplitViewController.swift; sourceTree = "<group>"; };
		FD663A9F20FED630005E03FF /* DetailViewController.swift */ = {isa = PBXFileReference; lastKnownFileType = sourcecode.swift; path = DetailViewController.swift; sourceTree = "<group>"; };
		FD663AA120FFDA8A005E03FF /* ListPresenter.swift */ = {isa = PBXFileReference; lastKnownFileType = sourcecode.swift; path = ListPresenter.swift; sourceTree = "<group>"; };
		FD663AA520FFE694005E03FF /* RequestError.swift */ = {isa = PBXFileReference; lastKnownFileType = sourcecode.swift; path = RequestError.swift; sourceTree = "<group>"; };
		FD663AA720FFEBF5005E03FF /* DataStoreManager.swift */ = {isa = PBXFileReference; lastKnownFileType = sourcecode.swift; path = DataStoreManager.swift; sourceTree = "<group>"; };
		FD663AB621000694005E03FF /* GameDBDataStoreManager.swift */ = {isa = PBXFileReference; lastKnownFileType = sourcecode.swift; path = GameDBDataStoreManager.swift; sourceTree = "<group>"; };
		FD663AB9210008C4005E03FF /* GameDB+CoreDataClass.swift */ = {isa = PBXFileReference; fileEncoding = 4; lastKnownFileType = sourcecode.swift; path = "GameDB+CoreDataClass.swift"; sourceTree = "<group>"; };
		FD663ABA210008C5005E03FF /* GameDB+CoreDataProperties.swift */ = {isa = PBXFileReference; fileEncoding = 4; lastKnownFileType = sourcecode.swift; path = "GameDB+CoreDataProperties.swift"; sourceTree = "<group>"; };
		FD663ABD210012DD005E03FF /* DetailPresenter.swift */ = {isa = PBXFileReference; lastKnownFileType = sourcecode.swift; path = DetailPresenter.swift; sourceTree = "<group>"; };
		FD663ABF21001560005E03FF /* DetailViewControllerTests.swift */ = {isa = PBXFileReference; lastKnownFileType = sourcecode.swift; path = DetailViewControllerTests.swift; sourceTree = "<group>"; };
		FD663AC621001CC3005E03FF /* GameListTest.swift */ = {isa = PBXFileReference; lastKnownFileType = sourcecode.swift; path = GameListTest.swift; sourceTree = "<group>"; };
		FD663AC921001EBE005E03FF /* URLConfigTest.swift */ = {isa = PBXFileReference; lastKnownFileType = sourcecode.swift; path = URLConfigTest.swift; sourceTree = "<group>"; };
		FD663ACC2100243F005E03FF /* ListPresenterTest.swift */ = {isa = PBXFileReference; lastKnownFileType = sourcecode.swift; path = ListPresenterTest.swift; sourceTree = "<group>"; };
		FD663ACE21002D25005E03FF /* InteractorTest.swift */ = {isa = PBXFileReference; lastKnownFileType = sourcecode.swift; path = InteractorTest.swift; sourceTree = "<group>"; };
		FD663AD02100BCA0005E03FF /* Colors.xcassets */ = {isa = PBXFileReference; lastKnownFileType = folder.assetcatalog; path = Colors.xcassets; sourceTree = "<group>"; };
		FDD7D99120FE887900722BEB /* ironman.app */ = {isa = PBXFileReference; explicitFileType = wrapper.application; includeInIndex = 0; path = ironman.app; sourceTree = BUILT_PRODUCTS_DIR; };
		FDD7D99420FE887900722BEB /* AppDelegate.swift */ = {isa = PBXFileReference; lastKnownFileType = sourcecode.swift; path = AppDelegate.swift; sourceTree = "<group>"; };
		FDD7D99620FE887900722BEB /* ListViewController.swift */ = {isa = PBXFileReference; lastKnownFileType = sourcecode.swift; path = ListViewController.swift; sourceTree = "<group>"; };
		FDD7D99920FE887900722BEB /* Base */ = {isa = PBXFileReference; lastKnownFileType = file.storyboard; name = Base; path = Base.lproj/Main.storyboard; sourceTree = "<group>"; };
		FDD7D99C20FE887900722BEB /* ironman.xcdatamodel */ = {isa = PBXFileReference; lastKnownFileType = wrapper.xcdatamodel; path = ironman.xcdatamodel; sourceTree = "<group>"; };
		FDD7D99E20FE887B00722BEB /* Assets.xcassets */ = {isa = PBXFileReference; lastKnownFileType = folder.assetcatalog; path = Assets.xcassets; sourceTree = "<group>"; };
		FDD7D9A120FE887B00722BEB /* Base */ = {isa = PBXFileReference; lastKnownFileType = file.storyboard; name = Base; path = Base.lproj/LaunchScreen.storyboard; sourceTree = "<group>"; };
		FDD7D9A320FE887B00722BEB /* Info.plist */ = {isa = PBXFileReference; lastKnownFileType = text.plist.xml; path = Info.plist; sourceTree = "<group>"; };
		FDD7D9A820FE887B00722BEB /* ironmanTests.xctest */ = {isa = PBXFileReference; explicitFileType = wrapper.cfbundle; includeInIndex = 0; path = ironmanTests.xctest; sourceTree = BUILT_PRODUCTS_DIR; };
		FDD7D9AC20FE887B00722BEB /* DetailPresenterTests.swift */ = {isa = PBXFileReference; lastKnownFileType = sourcecode.swift; path = DetailPresenterTests.swift; sourceTree = "<group>"; };
		FDD7D9AE20FE887B00722BEB /* Info.plist */ = {isa = PBXFileReference; lastKnownFileType = text.plist.xml; path = Info.plist; sourceTree = "<group>"; };
/* End PBXFileReference section */

/* Begin PBXFrameworksBuildPhase section */
		FDD7D98E20FE887900722BEB /* Frameworks */ = {
			isa = PBXFrameworksBuildPhase;
			buildActionMask = 2147483647;
			files = (
				6986BAA920717F36EB58A6CD /* Pods_ironman.framework in Frameworks */,
			);
			runOnlyForDeploymentPostprocessing = 0;
		};
		FDD7D9A520FE887B00722BEB /* Frameworks */ = {
			isa = PBXFrameworksBuildPhase;
			buildActionMask = 2147483647;
			files = (
				3C19DC54B289D863051FAB5D /* Pods_ironmanTests.framework in Frameworks */,
			);
			runOnlyForDeploymentPostprocessing = 0;
		};
/* End PBXFrameworksBuildPhase section */

/* Begin PBXGroup section */
		4CA9B311F80A3795AAA2C088 /* Pods */ = {
			isa = PBXGroup;
			children = (
				20A421FFB41E5D9DF3AAE306 /* Pods-ironman.debug.xcconfig */,
				83B49FBAE6C047E0947CE2CF /* Pods-ironman.release.xcconfig */,
				DC1C98D654188F2E2F4FE3C3 /* Pods-ironmanTests.debug.xcconfig */,
				B47D883B3E059A3D1AA07DA9 /* Pods-ironmanTests.release.xcconfig */,
			);
			name = Pods;
			sourceTree = "<group>";
		};
		CE411A5FC5F9E36F45097E48 /* Frameworks */ = {
			isa = PBXGroup;
			children = (
				02BFBAFF673E21E626250BE0 /* Pods_ironman.framework */,
				1A6477749FF6AD7A13459844 /* Pods_ironmanTests.framework */,
			);
			name = Frameworks;
			sourceTree = "<group>";
		};
		FD663A8220FEBB8A005E03FF /* ConnectionStatus */ = {
			isa = PBXGroup;
			children = (
				FD663A7C20FE9F5F005E03FF /* ConnectionStatusManager.swift */,
				FD663A8020FEB3A6005E03FF /* ConnectionStatusAlert.swift */,
			);
			path = ConnectionStatus;
			sourceTree = "<group>";
		};
		FD663A8320FEBBA0005E03FF /* Helpers */ = {
			isa = PBXGroup;
			children = (
				FD663A7A20FE9AE7005E03FF /* UIImageView.swift */,
				FD663A7E20FEAC4D005E03FF /* Notification.swift */,
				FD663A9920FECAE3005E03FF /* Bundle.swift */,
			);
			path = Helpers;
			sourceTree = "<group>";
		};
		FD663A8420FEBBA5005E03FF /* Controllers */ = {
			isa = PBXGroup;
			children = (
				FDD7D99420FE887900722BEB /* AppDelegate.swift */,
				FD663A9D20FED3B3005E03FF /* SplitViewController.swift */,
				FDD7D99620FE887900722BEB /* ListViewController.swift */,
				FD663A7020FE8A72005E03FF /* NavigationController.swift */,
				FD663A9F20FED630005E03FF /* DetailViewController.swift */,
			);
			path = Controllers;
			sourceTree = "<group>";
		};
		FD663A8520FEBBAB005E03FF /* Storyboard */ = {
			isa = PBXGroup;
			children = (
				FDD7D99820FE887900722BEB /* Main.storyboard */,
				FDD7D9A020FE887B00722BEB /* LaunchScreen.storyboard */,
			);
			path = Storyboard;
			sourceTree = "<group>";
		};
		FD663A8620FEBBB2005E03FF /* SupportingFiles */ = {
			isa = PBXGroup;
			children = (
				FDD7D99E20FE887B00722BEB /* Assets.xcassets */,
				FD663AD02100BCA0005E03FF /* Colors.xcassets */,
				FDD7D9A320FE887B00722BEB /* Info.plist */,
				FDD7D99B20FE887900722BEB /* ironman.xcdatamodeld */,
			);
			path = SupportingFiles;
			sourceTree = "<group>";
		};
		FD663A8720FEC2C6005E03FF /* Models */ = {
			isa = PBXGroup;
			children = (
				FD663A8820FEC2D0005E03FF /* GameList.swift */,
				FD663A8E20FEC2F5005E03FF /* Game.swift */,
				FD663A9020FEC30B005E03FF /* GameInfo.swift */,
				FD663A9220FEC368005E03FF /* ImageLinks.swift */,
				FD663A8C20FEC2F4005E03FF /* Links.swift */,
				FD663AA520FFE694005E03FF /* RequestError.swift */,
			);
			path = Models;
			sourceTree = "<group>";
		};
		FD663A9420FEC4F0005E03FF /* API */ = {
			isa = PBXGroup;
			children = (
				FD663AB821000873005E03FF /* GameDB */,
				FD663AB120FFEDC8005E03FF /* DataStore */,
				FD663A9520FEC531005E03FF /* Interactor.swift */,
				FD663A9720FEC5E4005E03FF /* URLConfig.swift */,
			);
			path = API;
			sourceTree = "<group>";
		};
		FD663A9B20FED2AD005E03FF /* Presenter */ = {
			isa = PBXGroup;
			children = (
				FD663AA120FFDA8A005E03FF /* ListPresenter.swift */,
				FD663ABD210012DD005E03FF /* DetailPresenter.swift */,
			);
			path = Presenter;
			sourceTree = "<group>";
		};
		FD663AB120FFEDC8005E03FF /* DataStore */ = {
			isa = PBXGroup;
			children = (
				FD663AA720FFEBF5005E03FF /* DataStoreManager.swift */,
			);
			path = DataStore;
			sourceTree = "<group>";
		};
		FD663AB821000873005E03FF /* GameDB */ = {
			isa = PBXGroup;
			children = (
				FD663AB9210008C4005E03FF /* GameDB+CoreDataClass.swift */,
				FD663ABA210008C5005E03FF /* GameDB+CoreDataProperties.swift */,
				FD663AB621000694005E03FF /* GameDBDataStoreManager.swift */,
			);
			path = GameDB;
			sourceTree = "<group>";
		};
		FD663AC121001B40005E03FF /* Detail */ = {
			isa = PBXGroup;
			children = (
				FDD7D9AC20FE887B00722BEB /* DetailPresenterTests.swift */,
				FD663ABF21001560005E03FF /* DetailViewControllerTests.swift */,
			);
			path = Detail;
			sourceTree = "<group>";
		};
		FD663AC521001CB0005E03FF /* Models */ = {
			isa = PBXGroup;
			children = (
				FD663AC621001CC3005E03FF /* GameListTest.swift */,
			);
			path = Models;
			sourceTree = "<group>";
		};
		FD663AC821001EB4005E03FF /* API */ = {
			isa = PBXGroup;
			children = (
				FD663AC921001EBE005E03FF /* URLConfigTest.swift */,
				FD663ACE21002D25005E03FF /* InteractorTest.swift */,
			);
			path = API;
			sourceTree = "<group>";
		};
		FD663ACB21002416005E03FF /* List */ = {
			isa = PBXGroup;
			children = (
				FD663ACC2100243F005E03FF /* ListPresenterTest.swift */,
			);
			name = List;
			path = "New Group";
			sourceTree = "<group>";
		};
		FDD09F2A210116780095AFDE /* Views */ = {
			isa = PBXGroup;
			children = (
				FD663A7820FE8DD8005E03FF /* CardGameCollectionViewCell.swift */,
				FD2FC01A210136EC001840FD /* GameImageView.swift */,
			);
			path = Views;
			sourceTree = "<group>";
		};
		FDD7D98820FE887900722BEB = {
			isa = PBXGroup;
			children = (
				FDD7D99320FE887900722BEB /* ironman */,
				FDD7D9AB20FE887B00722BEB /* ironmanTests */,
				FDD7D99220FE887900722BEB /* Products */,
				4CA9B311F80A3795AAA2C088 /* Pods */,
				CE411A5FC5F9E36F45097E48 /* Frameworks */,
			);
			sourceTree = "<group>";
		};
		FDD7D99220FE887900722BEB /* Products */ = {
			isa = PBXGroup;
			children = (
				FDD7D99120FE887900722BEB /* ironman.app */,
				FDD7D9A820FE887B00722BEB /* ironmanTests.xctest */,
			);
			name = Products;
			sourceTree = "<group>";
		};
		FDD7D99320FE887900722BEB /* ironman */ = {
			isa = PBXGroup;
			children = (
				FD663A8420FEBBA5005E03FF /* Controllers */,
				FD663A9B20FED2AD005E03FF /* Presenter */,
				FD663A8720FEC2C6005E03FF /* Models */,
				FDD09F2A210116780095AFDE /* Views */,
				FD663A8520FEBBAB005E03FF /* Storyboard */,
				FD663A9420FEC4F0005E03FF /* API */,
				FD663A8220FEBB8A005E03FF /* ConnectionStatus */,
				FD663A8320FEBBA0005E03FF /* Helpers */,
				FD663A8620FEBBB2005E03FF /* SupportingFiles */,
			);
			path = ironman;
			sourceTree = "<group>";
		};
		FDD7D9AB20FE887B00722BEB /* ironmanTests */ = {
			isa = PBXGroup;
			children = (
				FD663AC821001EB4005E03FF /* API */,
				FD663AC121001B40005E03FF /* Detail */,
				FD663ACB21002416005E03FF /* List */,
				FD663AC521001CB0005E03FF /* Models */,
				FDD7D9AE20FE887B00722BEB /* Info.plist */,
			);
			path = ironmanTests;
			sourceTree = "<group>";
		};
/* End PBXGroup section */

/* Begin PBXNativeTarget section */
		FDD7D99020FE887900722BEB /* ironman */ = {
			isa = PBXNativeTarget;
			buildConfigurationList = FDD7D9B120FE887B00722BEB /* Build configuration list for PBXNativeTarget "ironman" */;
			buildPhases = (
				242C486BADDFB71F5FEE4862 /* [CP] Check Pods Manifest.lock */,
				FDD7D98D20FE887900722BEB /* Sources */,
				FDD7D98E20FE887900722BEB /* Frameworks */,
				FDD7D98F20FE887900722BEB /* Resources */,
				7F6C461DBD24AA99810B1433 /* [CP] Embed Pods Frameworks */,
			);
			buildRules = (
			);
			dependencies = (
			);
			name = ironman;
			productName = ironman;
			productReference = FDD7D99120FE887900722BEB /* ironman.app */;
			productType = "com.apple.product-type.application";
		};
		FDD7D9A720FE887B00722BEB /* ironmanTests */ = {
			isa = PBXNativeTarget;
			buildConfigurationList = FDD7D9B420FE887B00722BEB /* Build configuration list for PBXNativeTarget "ironmanTests" */;
			buildPhases = (
				95D34C82CDDFD38FF53F713A /* [CP] Check Pods Manifest.lock */,
				FDD7D9A420FE887B00722BEB /* Sources */,
				FDD7D9A520FE887B00722BEB /* Frameworks */,
				FDD7D9A620FE887B00722BEB /* Resources */,
				3C0909992AA475279F7E28F5 /* [CP] Embed Pods Frameworks */,
			);
			buildRules = (
			);
			dependencies = (
				FDD7D9AA20FE887B00722BEB /* PBXTargetDependency */,
			);
			name = ironmanTests;
			productName = ironmanTests;
			productReference = FDD7D9A820FE887B00722BEB /* ironmanTests.xctest */;
			productType = "com.apple.product-type.bundle.unit-test";
		};
/* End PBXNativeTarget section */

/* Begin PBXProject section */
		FDD7D98920FE887900722BEB /* Project object */ = {
			isa = PBXProject;
			attributes = {
				LastSwiftUpdateCheck = 0940;
				LastUpgradeCheck = 0940;
				ORGANIZATIONNAME = callidus;
				TargetAttributes = {
					FDD7D99020FE887900722BEB = {
						CreatedOnToolsVersion = 9.4;
					};
					FDD7D9A720FE887B00722BEB = {
						CreatedOnToolsVersion = 9.4;
						TestTargetID = FDD7D99020FE887900722BEB;
					};
				};
			};
			buildConfigurationList = FDD7D98C20FE887900722BEB /* Build configuration list for PBXProject "ironman" */;
			compatibilityVersion = "Xcode 9.3";
			developmentRegion = en;
			hasScannedForEncodings = 0;
			knownRegions = (
				en,
				Base,
			);
			mainGroup = FDD7D98820FE887900722BEB;
			productRefGroup = FDD7D99220FE887900722BEB /* Products */;
			projectDirPath = "";
			projectRoot = "";
			targets = (
				FDD7D99020FE887900722BEB /* ironman */,
				FDD7D9A720FE887B00722BEB /* ironmanTests */,
			);
		};
/* End PBXProject section */

/* Begin PBXResourcesBuildPhase section */
		FDD7D98F20FE887900722BEB /* Resources */ = {
			isa = PBXResourcesBuildPhase;
			buildActionMask = 2147483647;
			files = (
				FDD7D9A220FE887B00722BEB /* LaunchScreen.storyboard in Resources */,
				FD663AD12100BCA0005E03FF /* Colors.xcassets in Resources */,
				FDD7D99F20FE887B00722BEB /* Assets.xcassets in Resources */,
				FDD7D99A20FE887900722BEB /* Main.storyboard in Resources */,
			);
			runOnlyForDeploymentPostprocessing = 0;
		};
		FDD7D9A620FE887B00722BEB /* Resources */ = {
			isa = PBXResourcesBuildPhase;
			buildActionMask = 2147483647;
			files = (
			);
			runOnlyForDeploymentPostprocessing = 0;
		};
/* End PBXResourcesBuildPhase section */

/* Begin PBXShellScriptBuildPhase section */
		242C486BADDFB71F5FEE4862 /* [CP] Check Pods Manifest.lock */ = {
			isa = PBXShellScriptBuildPhase;
			buildActionMask = 2147483647;
			files = (
			);
			inputPaths = (
				"${PODS_PODFILE_DIR_PATH}/Podfile.lock",
				"${PODS_ROOT}/Manifest.lock",
			);
			name = "[CP] Check Pods Manifest.lock";
			outputPaths = (
				"$(DERIVED_FILE_DIR)/Pods-ironman-checkManifestLockResult.txt",
			);
			runOnlyForDeploymentPostprocessing = 0;
			shellPath = /bin/sh;
			shellScript = "diff \"${PODS_PODFILE_DIR_PATH}/Podfile.lock\" \"${PODS_ROOT}/Manifest.lock\" > /dev/null\nif [ $? != 0 ] ; then\n    # print error to STDERR\n    echo \"error: The sandbox is not in sync with the Podfile.lock. Run 'pod install' or update your CocoaPods installation.\" >&2\n    exit 1\nfi\n# This output is used by Xcode 'outputs' to avoid re-running this script phase.\necho \"SUCCESS\" > \"${SCRIPT_OUTPUT_FILE_0}\"\n";
			showEnvVarsInLog = 0;
		};
		3C0909992AA475279F7E28F5 /* [CP] Embed Pods Frameworks */ = {
			isa = PBXShellScriptBuildPhase;
			buildActionMask = 2147483647;
			files = (
			);
			inputPaths = (
				"${SRCROOT}/Pods/Target Support Files/Pods-ironmanTests/Pods-ironmanTests-frameworks.sh",
				"${BUILT_PRODUCTS_DIR}/Mockingjay/Mockingjay.framework",
				"${BUILT_PRODUCTS_DIR}/Nimble/Nimble.framework",
				"${BUILT_PRODUCTS_DIR}/Quick/Quick.framework",
				"${BUILT_PRODUCTS_DIR}/URITemplate/URITemplate.framework",
			);
			name = "[CP] Embed Pods Frameworks";
			outputPaths = (
				"${TARGET_BUILD_DIR}/${FRAMEWORKS_FOLDER_PATH}/Mockingjay.framework",
				"${TARGET_BUILD_DIR}/${FRAMEWORKS_FOLDER_PATH}/Nimble.framework",
				"${TARGET_BUILD_DIR}/${FRAMEWORKS_FOLDER_PATH}/Quick.framework",
				"${TARGET_BUILD_DIR}/${FRAMEWORKS_FOLDER_PATH}/URITemplate.framework",
			);
			runOnlyForDeploymentPostprocessing = 0;
			shellPath = /bin/sh;
			shellScript = "\"${SRCROOT}/Pods/Target Support Files/Pods-ironmanTests/Pods-ironmanTests-frameworks.sh\"\n";
			showEnvVarsInLog = 0;
		};
		7F6C461DBD24AA99810B1433 /* [CP] Embed Pods Frameworks */ = {
			isa = PBXShellScriptBuildPhase;
			buildActionMask = 2147483647;
			files = (
			);
			inputPaths = (
				"${SRCROOT}/Pods/Target Support Files/Pods-ironman/Pods-ironman-frameworks.sh",
				"${BUILT_PRODUCTS_DIR}/Alamofire/Alamofire.framework",
				"${BUILT_PRODUCTS_DIR}/ReachabilitySwift/Reachability.framework",
				"${BUILT_PRODUCTS_DIR}/SDWebImage/SDWebImage.framework",
				"${BUILT_PRODUCTS_DIR}/Whisper/Whisper.framework",
			);
			name = "[CP] Embed Pods Frameworks";
			outputPaths = (
				"${TARGET_BUILD_DIR}/${FRAMEWORKS_FOLDER_PATH}/Alamofire.framework",
				"${TARGET_BUILD_DIR}/${FRAMEWORKS_FOLDER_PATH}/Reachability.framework",
				"${TARGET_BUILD_DIR}/${FRAMEWORKS_FOLDER_PATH}/SDWebImage.framework",
				"${TARGET_BUILD_DIR}/${FRAMEWORKS_FOLDER_PATH}/Whisper.framework",
			);
			runOnlyForDeploymentPostprocessing = 0;
			shellPath = /bin/sh;
			shellScript = "\"${SRCROOT}/Pods/Target Support Files/Pods-ironman/Pods-ironman-frameworks.sh\"\n";
			showEnvVarsInLog = 0;
		};
		95D34C82CDDFD38FF53F713A /* [CP] Check Pods Manifest.lock */ = {
			isa = PBXShellScriptBuildPhase;
			buildActionMask = 2147483647;
			files = (
			);
			inputPaths = (
				"${PODS_PODFILE_DIR_PATH}/Podfile.lock",
				"${PODS_ROOT}/Manifest.lock",
			);
			name = "[CP] Check Pods Manifest.lock";
			outputPaths = (
				"$(DERIVED_FILE_DIR)/Pods-ironmanTests-checkManifestLockResult.txt",
			);
			runOnlyForDeploymentPostprocessing = 0;
			shellPath = /bin/sh;
			shellScript = "diff \"${PODS_PODFILE_DIR_PATH}/Podfile.lock\" \"${PODS_ROOT}/Manifest.lock\" > /dev/null\nif [ $? != 0 ] ; then\n    # print error to STDERR\n    echo \"error: The sandbox is not in sync with the Podfile.lock. Run 'pod install' or update your CocoaPods installation.\" >&2\n    exit 1\nfi\n# This output is used by Xcode 'outputs' to avoid re-running this script phase.\necho \"SUCCESS\" > \"${SCRIPT_OUTPUT_FILE_0}\"\n";
			showEnvVarsInLog = 0;
		};
/* End PBXShellScriptBuildPhase section */

/* Begin PBXSourcesBuildPhase section */
		FDD7D98D20FE887900722BEB /* Sources */ = {
			isa = PBXSourcesBuildPhase;
			buildActionMask = 2147483647;
			files = (
				FDD7D99720FE887900722BEB /* ListViewController.swift in Sources */,
				FD663A9A20FECAE3005E03FF /* Bundle.swift in Sources */,
				FD663ABE210012DD005E03FF /* DetailPresenter.swift in Sources */,
				FD663A7F20FEAC4D005E03FF /* Notification.swift in Sources */,
				FD663A9320FEC368005E03FF /* ImageLinks.swift in Sources */,
				FD663ABB210008C5005E03FF /* GameDB+CoreDataClass.swift in Sources */,
				FD663A9120FEC30B005E03FF /* GameInfo.swift in Sources */,
				FD663A7B20FE9AE7005E03FF /* UIImageView.swift in Sources */,
				FD663AA220FFDA8A005E03FF /* ListPresenter.swift in Sources */,
				FD663AA020FED630005E03FF /* DetailViewController.swift in Sources */,
				FD663A8120FEB3A6005E03FF /* ConnectionStatusAlert.swift in Sources */,
				FD663A9E20FED3B3005E03FF /* SplitViewController.swift in Sources */,
				FD663A8D20FEC2F4005E03FF /* Links.swift in Sources */,
				FD663A7120FE8A72005E03FF /* NavigationController.swift in Sources */,
				FDD7D99520FE887900722BEB /* AppDelegate.swift in Sources */,
				FD663A8F20FEC2F5005E03FF /* Game.swift in Sources */,
				FD663A7920FE8DD8005E03FF /* CardGameCollectionViewCell.swift in Sources */,
				FDD7D99D20FE887900722BEB /* ironman.xcdatamodeld in Sources */,
				FD663AA620FFE694005E03FF /* RequestError.swift in Sources */,
				FD663AB721000694005E03FF /* GameDBDataStoreManager.swift in Sources */,
				FD2FC01B210136EC001840FD /* GameImageView.swift in Sources */,
				FD663A8920FEC2D0005E03FF /* GameList.swift in Sources */,
				FD663A9620FEC531005E03FF /* Interactor.swift in Sources */,
				FD663A9820FEC5E4005E03FF /* URLConfig.swift in Sources */,
				FD663ABC210008C5005E03FF /* GameDB+CoreDataProperties.swift in Sources */,
				FD663A7D20FE9F5F005E03FF /* ConnectionStatusManager.swift in Sources */,
				FD663AA820FFEBF5005E03FF /* DataStoreManager.swift in Sources */,
			);
			runOnlyForDeploymentPostprocessing = 0;
		};
		FDD7D9A420FE887B00722BEB /* Sources */ = {
			isa = PBXSourcesBuildPhase;
			buildActionMask = 2147483647;
			files = (
				FDD7D9AD20FE887B00722BEB /* DetailPresenterTests.swift in Sources */,
				FD663AC021001560005E03FF /* DetailViewControllerTests.swift in Sources */,
				FD663AC721001CC3005E03FF /* GameListTest.swift in Sources */,
				FD663ACD2100243F005E03FF /* ListPresenterTest.swift in Sources */,
				FD663ACF21002D25005E03FF /* InteractorTest.swift in Sources */,
				FD663ACA21001F1E005E03FF /* URLConfigTest.swift in Sources */,
			);
			runOnlyForDeploymentPostprocessing = 0;
		};
/* End PBXSourcesBuildPhase section */

/* Begin PBXTargetDependency section */
		FDD7D9AA20FE887B00722BEB /* PBXTargetDependency */ = {
			isa = PBXTargetDependency;
			target = FDD7D99020FE887900722BEB /* ironman */;
			targetProxy = FDD7D9A920FE887B00722BEB /* PBXContainerItemProxy */;
		};
/* End PBXTargetDependency section */

/* Begin PBXVariantGroup section */
		FDD7D99820FE887900722BEB /* Main.storyboard */ = {
			isa = PBXVariantGroup;
			children = (
				FDD7D99920FE887900722BEB /* Base */,
			);
			name = Main.storyboard;
			sourceTree = "<group>";
		};
		FDD7D9A020FE887B00722BEB /* LaunchScreen.storyboard */ = {
			isa = PBXVariantGroup;
			children = (
				FDD7D9A120FE887B00722BEB /* Base */,
			);
			name = LaunchScreen.storyboard;
			sourceTree = "<group>";
		};
/* End PBXVariantGroup section */

/* Begin XCBuildConfiguration section */
		FDD7D9AF20FE887B00722BEB /* Debug */ = {
			isa = XCBuildConfiguration;
			buildSettings = {
				ALWAYS_SEARCH_USER_PATHS = NO;
				CLANG_ANALYZER_NONNULL = YES;
				CLANG_ANALYZER_NUMBER_OBJECT_CONVERSION = YES_AGGRESSIVE;
				CLANG_CXX_LANGUAGE_STANDARD = "gnu++14";
				CLANG_CXX_LIBRARY = "libc++";
				CLANG_ENABLE_MODULES = YES;
				CLANG_ENABLE_OBJC_ARC = YES;
				CLANG_ENABLE_OBJC_WEAK = YES;
				CLANG_WARN_BLOCK_CAPTURE_AUTORELEASING = YES;
				CLANG_WARN_BOOL_CONVERSION = YES;
				CLANG_WARN_COMMA = YES;
				CLANG_WARN_CONSTANT_CONVERSION = YES;
				CLANG_WARN_DEPRECATED_OBJC_IMPLEMENTATIONS = YES;
				CLANG_WARN_DIRECT_OBJC_ISA_USAGE = YES_ERROR;
				CLANG_WARN_DOCUMENTATION_COMMENTS = YES;
				CLANG_WARN_EMPTY_BODY = YES;
				CLANG_WARN_ENUM_CONVERSION = YES;
				CLANG_WARN_INFINITE_RECURSION = YES;
				CLANG_WARN_INT_CONVERSION = YES;
				CLANG_WARN_NON_LITERAL_NULL_CONVERSION = YES;
				CLANG_WARN_OBJC_IMPLICIT_RETAIN_SELF = YES;
				CLANG_WARN_OBJC_LITERAL_CONVERSION = YES;
				CLANG_WARN_OBJC_ROOT_CLASS = YES_ERROR;
				CLANG_WARN_RANGE_LOOP_ANALYSIS = YES;
				CLANG_WARN_STRICT_PROTOTYPES = YES;
				CLANG_WARN_SUSPICIOUS_MOVE = YES;
				CLANG_WARN_UNGUARDED_AVAILABILITY = YES_AGGRESSIVE;
				CLANG_WARN_UNREACHABLE_CODE = YES;
				CLANG_WARN__DUPLICATE_METHOD_MATCH = YES;
				CLIENT_ID = xlvs8r8up6ng5jjwemqa5koh4btqxq;
				CODE_SIGN_IDENTITY = "iPhone Developer";
				COPY_PHASE_STRIP = NO;
				DEBUG_INFORMATION_FORMAT = dwarf;
				ENABLE_STRICT_OBJC_MSGSEND = YES;
				ENABLE_TESTABILITY = YES;
				ENTRYPOINT = "https://api.twitch.tv/kraken/games/top?limit=20";
				GCC_C_LANGUAGE_STANDARD = gnu11;
				GCC_DYNAMIC_NO_PIC = NO;
				GCC_NO_COMMON_BLOCKS = YES;
				GCC_OPTIMIZATION_LEVEL = 0;
				GCC_PREPROCESSOR_DEFINITIONS = (
					"DEBUG=1",
					"$(inherited)",
				);
				GCC_WARN_64_TO_32_BIT_CONVERSION = YES;
				GCC_WARN_ABOUT_RETURN_TYPE = YES_ERROR;
				GCC_WARN_UNDECLARED_SELECTOR = YES;
				GCC_WARN_UNINITIALIZED_AUTOS = YES_AGGRESSIVE;
				GCC_WARN_UNUSED_FUNCTION = YES;
				GCC_WARN_UNUSED_VARIABLE = YES;
				IPHONEOS_DEPLOYMENT_TARGET = 11.4;
				MTL_ENABLE_DEBUG_INFO = YES;
				ONLY_ACTIVE_ARCH = YES;
				SDKROOT = iphoneos;
				SWIFT_ACTIVE_COMPILATION_CONDITIONS = DEBUG;
				SWIFT_OPTIMIZATION_LEVEL = "-Onone";
			};
			name = Debug;
		};
		FDD7D9B020FE887B00722BEB /* Release */ = {
			isa = XCBuildConfiguration;
			buildSettings = {
				ALWAYS_SEARCH_USER_PATHS = NO;
				CLANG_ANALYZER_NONNULL = YES;
				CLANG_ANALYZER_NUMBER_OBJECT_CONVERSION = YES_AGGRESSIVE;
				CLANG_CXX_LANGUAGE_STANDARD = "gnu++14";
				CLANG_CXX_LIBRARY = "libc++";
				CLANG_ENABLE_MODULES = YES;
				CLANG_ENABLE_OBJC_ARC = YES;
				CLANG_ENABLE_OBJC_WEAK = YES;
				CLANG_WARN_BLOCK_CAPTURE_AUTORELEASING = YES;
				CLANG_WARN_BOOL_CONVERSION = YES;
				CLANG_WARN_COMMA = YES;
				CLANG_WARN_CONSTANT_CONVERSION = YES;
				CLANG_WARN_DEPRECATED_OBJC_IMPLEMENTATIONS = YES;
				CLANG_WARN_DIRECT_OBJC_ISA_USAGE = YES_ERROR;
				CLANG_WARN_DOCUMENTATION_COMMENTS = YES;
				CLANG_WARN_EMPTY_BODY = YES;
				CLANG_WARN_ENUM_CONVERSION = YES;
				CLANG_WARN_INFINITE_RECURSION = YES;
				CLANG_WARN_INT_CONVERSION = YES;
				CLANG_WARN_NON_LITERAL_NULL_CONVERSION = YES;
				CLANG_WARN_OBJC_IMPLICIT_RETAIN_SELF = YES;
				CLANG_WARN_OBJC_LITERAL_CONVERSION = YES;
				CLANG_WARN_OBJC_ROOT_CLASS = YES_ERROR;
				CLANG_WARN_RANGE_LOOP_ANALYSIS = YES;
				CLANG_WARN_STRICT_PROTOTYPES = YES;
				CLANG_WARN_SUSPICIOUS_MOVE = YES;
				CLANG_WARN_UNGUARDED_AVAILABILITY = YES_AGGRESSIVE;
				CLANG_WARN_UNREACHABLE_CODE = YES;
				CLANG_WARN__DUPLICATE_METHOD_MATCH = YES;
				CLIENT_ID = xlvs8r8up6ng5jjwemqa5koh4btqxq;
				CODE_SIGN_IDENTITY = "iPhone Developer";
				COPY_PHASE_STRIP = NO;
				DEBUG_INFORMATION_FORMAT = "dwarf-with-dsym";
				ENABLE_NS_ASSERTIONS = NO;
				ENABLE_STRICT_OBJC_MSGSEND = YES;
				ENTRYPOINT = "https://api.twitch.tv/kraken/games/top?limit=20";
				GCC_C_LANGUAGE_STANDARD = gnu11;
				GCC_NO_COMMON_BLOCKS = YES;
				GCC_WARN_64_TO_32_BIT_CONVERSION = YES;
				GCC_WARN_ABOUT_RETURN_TYPE = YES_ERROR;
				GCC_WARN_UNDECLARED_SELECTOR = YES;
				GCC_WARN_UNINITIALIZED_AUTOS = YES_AGGRESSIVE;
				GCC_WARN_UNUSED_FUNCTION = YES;
				GCC_WARN_UNUSED_VARIABLE = YES;
				IPHONEOS_DEPLOYMENT_TARGET = 11.4;
				MTL_ENABLE_DEBUG_INFO = NO;
				SDKROOT = iphoneos;
				SWIFT_COMPILATION_MODE = wholemodule;
				SWIFT_OPTIMIZATION_LEVEL = "-O";
				VALIDATE_PRODUCT = YES;
			};
			name = Release;
		};
		FDD7D9B220FE887B00722BEB /* Debug */ = {
			isa = XCBuildConfiguration;
			baseConfigurationReference = 20A421FFB41E5D9DF3AAE306 /* Pods-ironman.debug.xcconfig */;
			buildSettings = {
				ASSETCATALOG_COMPILER_APPICON_NAME = AppIcon;
				CODE_SIGN_STYLE = Automatic;
				DEVELOPMENT_TEAM = XJ3PM54JPR;
				INFOPLIST_FILE = "$(SRCROOT)/ironman/SupportingFiles/Info.plist";
				LD_RUNPATH_SEARCH_PATHS = (
					"$(inherited)",
					"@executable_path/Frameworks",
				);
				PRODUCT_BUNDLE_IDENTIFIER = callidus.ironman;
				PRODUCT_NAME = "$(TARGET_NAME)";
				SWIFT_VERSION = 4.0;
				TARGETED_DEVICE_FAMILY = "1,2";
			};
			name = Debug;
		};
		FDD7D9B320FE887B00722BEB /* Release */ = {
			isa = XCBuildConfiguration;
			baseConfigurationReference = 83B49FBAE6C047E0947CE2CF /* Pods-ironman.release.xcconfig */;
			buildSettings = {
				ASSETCATALOG_COMPILER_APPICON_NAME = AppIcon;
				CODE_SIGN_STYLE = Automatic;
				DEVELOPMENT_TEAM = XJ3PM54JPR;
				INFOPLIST_FILE = "$(SRCROOT)/ironman/SupportingFiles/Info.plist";
				LD_RUNPATH_SEARCH_PATHS = (
					"$(inherited)",
					"@executable_path/Frameworks",
				);
				PRODUCT_BUNDLE_IDENTIFIER = callidus.ironman;
				PRODUCT_NAME = "$(TARGET_NAME)";
				SWIFT_VERSION = 4.0;
				TARGETED_DEVICE_FAMILY = "1,2";
			};
			name = Release;
		};
		FDD7D9B520FE887B00722BEB /* Debug */ = {
			isa = XCBuildConfiguration;
			baseConfigurationReference = DC1C98D654188F2E2F4FE3C3 /* Pods-ironmanTests.debug.xcconfig */;
			buildSettings = {
				ALWAYS_EMBED_SWIFT_STANDARD_LIBRARIES = YES;
				BUNDLE_LOADER = "$(TEST_HOST)";
				CODE_SIGN_STYLE = Automatic;
				INFOPLIST_FILE = ironmanTests/Info.plist;
				LD_RUNPATH_SEARCH_PATHS = (
					"$(inherited)",
					"@executable_path/Frameworks",
					"@loader_path/Frameworks",
				);
				PRODUCT_BUNDLE_IDENTIFIER = callidus.ironmanTests;
				PRODUCT_NAME = "$(TARGET_NAME)";
				SWIFT_VERSION = 4.0;
				TARGETED_DEVICE_FAMILY = "1,2";
				TEST_HOST = "$(BUILT_PRODUCTS_DIR)/ironman.app/ironman";
			};
			name = Debug;
		};
		FDD7D9B620FE887B00722BEB /* Release */ = {
			isa = XCBuildConfiguration;
			baseConfigurationReference = B47D883B3E059A3D1AA07DA9 /* Pods-ironmanTests.release.xcconfig */;
			buildSettings = {
				ALWAYS_EMBED_SWIFT_STANDARD_LIBRARIES = YES;
				BUNDLE_LOADER = "$(TEST_HOST)";
				CODE_SIGN_STYLE = Automatic;
				INFOPLIST_FILE = ironmanTests/Info.plist;
				LD_RUNPATH_SEARCH_PATHS = (
					"$(inherited)",
					"@executable_path/Frameworks",
					"@loader_path/Frameworks",
				);
				PRODUCT_BUNDLE_IDENTIFIER = callidus.ironmanTests;
				PRODUCT_NAME = "$(TARGET_NAME)";
				SWIFT_VERSION = 4.0;
				TARGETED_DEVICE_FAMILY = "1,2";
				TEST_HOST = "$(BUILT_PRODUCTS_DIR)/ironman.app/ironman";
			};
			name = Release;
		};
/* End XCBuildConfiguration section */

/* Begin XCConfigurationList section */
		FDD7D98C20FE887900722BEB /* Build configuration list for PBXProject "ironman" */ = {
			isa = XCConfigurationList;
			buildConfigurations = (
				FDD7D9AF20FE887B00722BEB /* Debug */,
				FDD7D9B020FE887B00722BEB /* Release */,
			);
			defaultConfigurationIsVisible = 0;
			defaultConfigurationName = Release;
		};
		FDD7D9B120FE887B00722BEB /* Build configuration list for PBXNativeTarget "ironman" */ = {
			isa = XCConfigurationList;
			buildConfigurations = (
				FDD7D9B220FE887B00722BEB /* Debug */,
				FDD7D9B320FE887B00722BEB /* Release */,
			);
			defaultConfigurationIsVisible = 0;
			defaultConfigurationName = Release;
		};
		FDD7D9B420FE887B00722BEB /* Build configuration list for PBXNativeTarget "ironmanTests" */ = {
			isa = XCConfigurationList;
			buildConfigurations = (
				FDD7D9B520FE887B00722BEB /* Debug */,
				FDD7D9B620FE887B00722BEB /* Release */,
			);
			defaultConfigurationIsVisible = 0;
			defaultConfigurationName = Release;
		};
/* End XCConfigurationList section */

/* Begin XCVersionGroup section */
		FDD7D99B20FE887900722BEB /* ironman.xcdatamodeld */ = {
			isa = XCVersionGroup;
			children = (
				FDD7D99C20FE887900722BEB /* ironman.xcdatamodel */,
			);
			currentVersion = FDD7D99C20FE887900722BEB /* ironman.xcdatamodel */;
			path = ironman.xcdatamodeld;
			sourceTree = "<group>";
			versionGroupType = wrapper.xcdatamodel;
		};
/* End XCVersionGroup section */
	};
	rootObject = FDD7D98920FE887900722BEB /* Project object */;
}
